
Microsoft Visual Studio Solution File, Format Version 10.00
# Visual Studio 2008
Project("{FAE04EC0-301F-11D3-BF4B-00C04F79EFBC}") = "FScruiserPC", "FSCruiserV2\FScruiserPC.csproj", "{9568C413-05B2-4672-AD7B-E4101537AB26}"
EndProject
Project("{2150E333-8FDC-42A3-9474-1A3956D46DE8}") = "CruiseDAL", "CruiseDAL", "{10322103-1C7D-4551-A68B-7B0F2DC76D00}"
EndProject
Project("{FAE04EC0-301F-11D3-BF4B-00C04F79EFBC}") = "CruiseDAL_FF35", "CruiseDAL\CruiseDAL\CruiseDAL_FF35.csproj", "{BAF1842E-F8C5-47A5-94C6-ADABA8A4B3AF}"
EndProject
Project("{2150E333-8FDC-42A3-9474-1A3956D46DE8}") = "FMSC.Controls", "FMSC.Controls", "{0342DDBE-0C70-4BF8-8D15-7DD81021A419}"
EndProject
Project("{2150E333-8FDC-42A3-9474-1A3956D46DE8}") = "FMSC.Sampling", "FMSC.Sampling", "{0A2F0767-2EF9-477F-8AB0-4D5B2E1E4861}"
EndProject
Project("{FAE04EC0-301F-11D3-BF4B-00C04F79EFBC}") = "FSCruiserV2CE_CF20", "FSCruiserV2\FSCruiserV2CE_CF20.csproj", "{AFD7A43E-A691-4A30-859A-28C9245EB0FC}"
EndProject
Project("{FAE04EC0-301F-11D3-BF4B-00C04F79EFBC}") = "CruiseDAL_CF20", "CruiseDAL\CruiseDAL\CruiseDAL_CF20.csproj", "{DC8A4894-F4A8-4554-B475-2EBAD49AF148}"
EndProject
Project("{2150E333-8FDC-42A3-9474-1A3956D46DE8}") = "FMSC.Util", "FMSC.Util", "{C8D9330A-5EF9-43E8-A2D3-81C0286B715E}"
EndProject
Project("{B900F1C2-3D47-4FEC-85B3-04AAF18C3634}") = "FSCruiserV2CECF20_CAB", "FSCruiserV2CECF20_CAB\FSCruiserV2CECF20_CAB.vddproj", "{82C55708-8261-498A-ADA7-2C1078656B58}"
EndProject
Project("{FAE04EC0-301F-11D3-BF4B-00C04F79EFBC}") = "FMSC.Sampling_FF35", "FMSC.Sampling\FMSC.Sampling\FMSC.Sampling_FF35.csproj", "{4097B6D6-D317-4169-9219-43E1AC4DC1F7}"
EndProject
Project("{FAE04EC0-301F-11D3-BF4B-00C04F79EFBC}") = "FScruiserCETest", "FScruiserCETest\FScruiserCETest.csproj", "{CD0906AB-CAB0-4B02-BD38-70572B4D581B}"
EndProject
Project("{FAE04EC0-301F-11D3-BF4B-00C04F79EFBC}") = "FMSC.Controls.VS08", "FMSC.Controls\FMSC.Controls\FMSC.Controls.VS08.csproj", "{83CCFC7F-D667-4550-B335-B48C2F67A207}"
EndProject
Project("{FAE04EC0-301F-11D3-BF4B-00C04F79EFBC}") = "FMSC.Controls_CF20", "FMSC.Controls\FMSC.Controls\FMSC.Controls_CF20.csproj", "{66B57265-EED3-49D7-B3B7-68CDE1061085}"
EndProject
Project("{FAE04EC0-301F-11D3-BF4B-00C04F79EFBC}") = "FMSC.Sampling_CF20", "FMSC.Sampling\FMSC.Sampling\FMSC.Sampling_CF20.csproj", "{932C2341-A331-4B7C-8BC9-9D3491F1821B}"
EndProject
Project("{FAE04EC0-301F-11D3-BF4B-00C04F79EFBC}") = "FMSC.Utility", "FMSC.Util\FMSC.Utility\FMSC.Utility.csproj", "{F882E97D-A121-41F6-916F-8FA956F84BCC}"
EndProject
Project("{FAE04EC0-301F-11D3-BF4B-00C04F79EFBC}") = "FMSC.Utility_CF20", "FMSC.Util\FMSC.Utility\FMSC.Utility_CF20.csproj", "{2B5BA2D4-7D46-4BF3-A775-2A0F849BE92B}"
EndProject
Project("{2150E333-8FDC-42A3-9474-1A3956D46DE8}") = "FMSC.ORM", "FMSC.ORM", "{D97045D4-D331-49BE-9B54-25A3CAEA03C5}"
EndProject
Project("{FAE04EC0-301F-11D3-BF4B-00C04F79EFBC}") = "FMSC.ORM.Net35", "CruiseDAL\FMSC.ORM\FMSC.ORM.Net35.csproj", "{0452719F-1CAA-4959-B00C-AB8B1C438571}"
EndProject
Project("{FAE04EC0-301F-11D3-BF4B-00C04F79EFBC}") = "FMSC.ORM.NetCF20", "CruiseDAL\FMSC.ORM\FMSC.ORM.NetCF20.csproj", "{D346BFEA-85A0-4A5D-BD89-D07E073B065E}"
EndProject
Project("{FAE04EC0-301F-11D3-BF4B-00C04F79EFBC}") = "FScruiser.Core.Test", "FScruiser.Core.Test\FScruiser.Core.Test.csproj", "{76D8D89F-E244-464A-AF59-7B95257A699C}"
EndProject
Project("{2150E333-8FDC-42A3-9474-1A3956D46DE8}") = "Solution Items", "Solution Items", "{3E674CCA-D76E-42AD-B757-59F8C5955C29}"
	ProjectSection(SolutionItems) = preProject
		FScruiserV2.vsmdi = FScruiserV2.vsmdi
		LocalTestRun.testrunconfig = LocalTestRun.testrunconfig
	EndProjectSection
EndProject
Global
	GlobalSection(TestCaseManagementSettings) = postSolution
		CategoryFile = FScruiserV2.vsmdi
	EndGlobalSection
	GlobalSection(SolutionConfigurationPlatforms) = preSolution
		Debug with args|Any CPU = Debug with args|Any CPU
		Debug with args|Mixed Platforms = Debug with args|Mixed Platforms
		Debug with args|x86 = Debug with args|x86
		Debug|Any CPU = Debug|Any CPU
		Debug|Mixed Platforms = Debug|Mixed Platforms
		Debug|x86 = Debug|x86
		Release with args|Any CPU = Release with args|Any CPU
		Release with args|Mixed Platforms = Release with args|Mixed Platforms
		Release with args|x86 = Release with args|x86
		Release|Any CPU = Release|Any CPU
		Release|Mixed Platforms = Release|Mixed Platforms
		Release|x86 = Release|x86
	EndGlobalSection
	GlobalSection(ProjectConfigurationPlatforms) = postSolution
		{9568C413-05B2-4672-AD7B-E4101537AB26}.Debug with args|Any CPU.ActiveCfg = Release|x86
		{9568C413-05B2-4672-AD7B-E4101537AB26}.Debug with args|Any CPU.Build.0 = Release|x86
		{9568C413-05B2-4672-AD7B-E4101537AB26}.Debug with args|Mixed Platforms.ActiveCfg = Debug|x86
		{9568C413-05B2-4672-AD7B-E4101537AB26}.Debug with args|Mixed Platforms.Build.0 = Debug|x86
		{9568C413-05B2-4672-AD7B-E4101537AB26}.Debug with args|x86.ActiveCfg = Debug|x86
		{9568C413-05B2-4672-AD7B-E4101537AB26}.Debug with args|x86.Build.0 = Debug|x86
		{9568C413-05B2-4672-AD7B-E4101537AB26}.Debug|Any CPU.ActiveCfg = Debug|x86
		{9568C413-05B2-4672-AD7B-E4101537AB26}.Debug|Any CPU.Build.0 = Debug|x86
		{9568C413-05B2-4672-AD7B-E4101537AB26}.Debug|Mixed Platforms.ActiveCfg = Debug|x86
		{9568C413-05B2-4672-AD7B-E4101537AB26}.Debug|Mixed Platforms.Build.0 = Debug|x86
		{9568C413-05B2-4672-AD7B-E4101537AB26}.Debug|Mixed Platforms.Deploy.0 = Debug|x86
		{9568C413-05B2-4672-AD7B-E4101537AB26}.Debug|x86.ActiveCfg = Debug|x86
		{9568C413-05B2-4672-AD7B-E4101537AB26}.Debug|x86.Build.0 = Debug|x86
		{9568C413-05B2-4672-AD7B-E4101537AB26}.Release with args|Any CPU.ActiveCfg = Release|x86
		{9568C413-05B2-4672-AD7B-E4101537AB26}.Release with args|Any CPU.Build.0 = Release|x86
		{9568C413-05B2-4672-AD7B-E4101537AB26}.Release with args|Mixed Platforms.ActiveCfg = Release|x86
		{9568C413-05B2-4672-AD7B-E4101537AB26}.Release with args|Mixed Platforms.Build.0 = Release|x86
		{9568C413-05B2-4672-AD7B-E4101537AB26}.Release with args|x86.ActiveCfg = Release|x86
		{9568C413-05B2-4672-AD7B-E4101537AB26}.Release with args|x86.Build.0 = Release|x86
		{9568C413-05B2-4672-AD7B-E4101537AB26}.Release|Any CPU.ActiveCfg = Release|x86
		{9568C413-05B2-4672-AD7B-E4101537AB26}.Release|Any CPU.Build.0 = Release|x86
		{9568C413-05B2-4672-AD7B-E4101537AB26}.Release|Mixed Platforms.ActiveCfg = Release|x86
		{9568C413-05B2-4672-AD7B-E4101537AB26}.Release|Mixed Platforms.Build.0 = Release|x86
		{9568C413-05B2-4672-AD7B-E4101537AB26}.Release|x86.ActiveCfg = Release|x86
		{9568C413-05B2-4672-AD7B-E4101537AB26}.Release|x86.Build.0 = Release|x86
		{BAF1842E-F8C5-47A5-94C6-ADABA8A4B3AF}.Debug with args|Any CPU.ActiveCfg = Release|x86
		{BAF1842E-F8C5-47A5-94C6-ADABA8A4B3AF}.Debug with args|Any CPU.Build.0 = Release|x86
		{BAF1842E-F8C5-47A5-94C6-ADABA8A4B3AF}.Debug with args|Mixed Platforms.ActiveCfg = Debug|x86
		{BAF1842E-F8C5-47A5-94C6-ADABA8A4B3AF}.Debug with args|Mixed Platforms.Build.0 = Debug|x86
		{BAF1842E-F8C5-47A5-94C6-ADABA8A4B3AF}.Debug with args|x86.ActiveCfg = Debug|x86
		{BAF1842E-F8C5-47A5-94C6-ADABA8A4B3AF}.Debug with args|x86.Build.0 = Debug|x86
		{BAF1842E-F8C5-47A5-94C6-ADABA8A4B3AF}.Debug|Any CPU.ActiveCfg = Debug|x86
		{BAF1842E-F8C5-47A5-94C6-ADABA8A4B3AF}.Debug|Any CPU.Build.0 = Debug|x86
		{BAF1842E-F8C5-47A5-94C6-ADABA8A4B3AF}.Debug|Mixed Platforms.ActiveCfg = Debug|x86
		{BAF1842E-F8C5-47A5-94C6-ADABA8A4B3AF}.Debug|Mixed Platforms.Build.0 = Debug|x86
		{BAF1842E-F8C5-47A5-94C6-ADABA8A4B3AF}.Debug|x86.ActiveCfg = Debug|x86
		{BAF1842E-F8C5-47A5-94C6-ADABA8A4B3AF}.Debug|x86.Build.0 = Debug|x86
		{BAF1842E-F8C5-47A5-94C6-ADABA8A4B3AF}.Release with args|Any CPU.ActiveCfg = Release|x86
		{BAF1842E-F8C5-47A5-94C6-ADABA8A4B3AF}.Release with args|Any CPU.Build.0 = Release|x86
		{BAF1842E-F8C5-47A5-94C6-ADABA8A4B3AF}.Release with args|Mixed Platforms.ActiveCfg = Release|x86
		{BAF1842E-F8C5-47A5-94C6-ADABA8A4B3AF}.Release with args|Mixed Platforms.Build.0 = Release|x86
		{BAF1842E-F8C5-47A5-94C6-ADABA8A4B3AF}.Release with args|x86.ActiveCfg = Release|x86
		{BAF1842E-F8C5-47A5-94C6-ADABA8A4B3AF}.Release with args|x86.Build.0 = Release|x86
		{BAF1842E-F8C5-47A5-94C6-ADABA8A4B3AF}.Release|Any CPU.ActiveCfg = Release|x86
		{BAF1842E-F8C5-47A5-94C6-ADABA8A4B3AF}.Release|Any CPU.Build.0 = Release|x86
		{BAF1842E-F8C5-47A5-94C6-ADABA8A4B3AF}.Release|Mixed Platforms.ActiveCfg = Release|x86
		{BAF1842E-F8C5-47A5-94C6-ADABA8A4B3AF}.Release|Mixed Platforms.Build.0 = Release|x86
		{BAF1842E-F8C5-47A5-94C6-ADABA8A4B3AF}.Release|x86.ActiveCfg = Release|x86
		{BAF1842E-F8C5-47A5-94C6-ADABA8A4B3AF}.Release|x86.Build.0 = Release|x86
		{AFD7A43E-A691-4A30-859A-28C9245EB0FC}.Debug with args|Any CPU.ActiveCfg = Release|Any CPU
		{AFD7A43E-A691-4A30-859A-28C9245EB0FC}.Debug with args|Any CPU.Build.0 = Release|Any CPU
		{AFD7A43E-A691-4A30-859A-28C9245EB0FC}.Debug with args|Any CPU.Deploy.0 = Release|Any CPU
		{AFD7A43E-A691-4A30-859A-28C9245EB0FC}.Debug with args|Mixed Platforms.ActiveCfg = Debug|Any CPU
		{AFD7A43E-A691-4A30-859A-28C9245EB0FC}.Debug with args|Mixed Platforms.Build.0 = Debug|Any CPU
		{AFD7A43E-A691-4A30-859A-28C9245EB0FC}.Debug with args|Mixed Platforms.Deploy.0 = Debug|Any CPU
		{AFD7A43E-A691-4A30-859A-28C9245EB0FC}.Debug with args|x86.ActiveCfg = Debug|Any CPU
		{AFD7A43E-A691-4A30-859A-28C9245EB0FC}.Debug|Any CPU.ActiveCfg = Debug|Any CPU
		{AFD7A43E-A691-4A30-859A-28C9245EB0FC}.Debug|Any CPU.Build.0 = Debug|Any CPU
		{AFD7A43E-A691-4A30-859A-28C9245EB0FC}.Debug|Any CPU.Deploy.0 = Debug|Any CPU
		{AFD7A43E-A691-4A30-859A-28C9245EB0FC}.Debug|Mixed Platforms.ActiveCfg = Debug|Any CPU
		{AFD7A43E-A691-4A30-859A-28C9245EB0FC}.Debug|x86.ActiveCfg = Debug|Any CPU
		{AFD7A43E-A691-4A30-859A-28C9245EB0FC}.Release with args|Any CPU.ActiveCfg = Release|Any CPU
		{AFD7A43E-A691-4A30-859A-28C9245EB0FC}.Release with args|Any CPU.Build.0 = Release|Any CPU
		{AFD7A43E-A691-4A30-859A-28C9245EB0FC}.Release with args|Any CPU.Deploy.0 = Release|Any CPU
		{AFD7A43E-A691-4A30-859A-28C9245EB0FC}.Release with args|Mixed Platforms.ActiveCfg = Release|Any CPU
		{AFD7A43E-A691-4A30-859A-28C9245EB0FC}.Release with args|Mixed Platforms.Build.0 = Release|Any CPU
		{AFD7A43E-A691-4A30-859A-28C9245EB0FC}.Release with args|Mixed Platforms.Deploy.0 = Release|Any CPU
		{AFD7A43E-A691-4A30-859A-28C9245EB0FC}.Release with args|x86.ActiveCfg = Release|Any CPU
		{AFD7A43E-A691-4A30-859A-28C9245EB0FC}.Release|Any CPU.ActiveCfg = Release|Any CPU
		{AFD7A43E-A691-4A30-859A-28C9245EB0FC}.Release|Any CPU.Build.0 = Release|Any CPU
		{AFD7A43E-A691-4A30-859A-28C9245EB0FC}.Release|Any CPU.Deploy.0 = Release|Any CPU
		{AFD7A43E-A691-4A30-859A-28C9245EB0FC}.Release|Mixed Platforms.ActiveCfg = Release|Any CPU
		{AFD7A43E-A691-4A30-859A-28C9245EB0FC}.Release|Mixed Platforms.Build.0 = Release|Any CPU
		{AFD7A43E-A691-4A30-859A-28C9245EB0FC}.Release|Mixed Platforms.Deploy.0 = Release|Any CPU
		{AFD7A43E-A691-4A30-859A-28C9245EB0FC}.Release|x86.ActiveCfg = Release|Any CPU
		{DC8A4894-F4A8-4554-B475-2EBAD49AF148}.Debug with args|Any CPU.ActiveCfg = Release|Any CPU
		{DC8A4894-F4A8-4554-B475-2EBAD49AF148}.Debug with args|Any CPU.Build.0 = Release|Any CPU
		{DC8A4894-F4A8-4554-B475-2EBAD49AF148}.Debug with args|Mixed Platforms.ActiveCfg = Debug|Any CPU
		{DC8A4894-F4A8-4554-B475-2EBAD49AF148}.Debug with args|Mixed Platforms.Build.0 = Debug|Any CPU
		{DC8A4894-F4A8-4554-B475-2EBAD49AF148}.Debug with args|x86.ActiveCfg = Debug|Any CPU
		{DC8A4894-F4A8-4554-B475-2EBAD49AF148}.Debug|Any CPU.ActiveCfg = Release|Any CPU
		{DC8A4894-F4A8-4554-B475-2EBAD49AF148}.Debug|Any CPU.Build.0 = Release|Any CPU
		{DC8A4894-F4A8-4554-B475-2EBAD49AF148}.Debug|Mixed Platforms.ActiveCfg = Debug|Any CPU
		{DC8A4894-F4A8-4554-B475-2EBAD49AF148}.Debug|Mixed Platforms.Build.0 = Debug|Any CPU
		{DC8A4894-F4A8-4554-B475-2EBAD49AF148}.Debug|x86.ActiveCfg = Debug|Any CPU
		{DC8A4894-F4A8-4554-B475-2EBAD49AF148}.Release with args|Any CPU.ActiveCfg = Release|Any CPU
		{DC8A4894-F4A8-4554-B475-2EBAD49AF148}.Release with args|Any CPU.Build.0 = Release|Any CPU
		{DC8A4894-F4A8-4554-B475-2EBAD49AF148}.Release with args|Mixed Platforms.ActiveCfg = Release PC|Any CPU
		{DC8A4894-F4A8-4554-B475-2EBAD49AF148}.Release with args|Mixed Platforms.Build.0 = Release PC|Any CPU
		{DC8A4894-F4A8-4554-B475-2EBAD49AF148}.Release with args|x86.ActiveCfg = Release PC|Any CPU
		{DC8A4894-F4A8-4554-B475-2EBAD49AF148}.Release|Any CPU.ActiveCfg = Release|Any CPU
		{DC8A4894-F4A8-4554-B475-2EBAD49AF148}.Release|Any CPU.Build.0 = Release|Any CPU
		{DC8A4894-F4A8-4554-B475-2EBAD49AF148}.Release|Mixed Platforms.ActiveCfg = Release|Any CPU
		{DC8A4894-F4A8-4554-B475-2EBAD49AF148}.Release|Mixed Platforms.Build.0 = Release|Any CPU
		{DC8A4894-F4A8-4554-B475-2EBAD49AF148}.Release|x86.ActiveCfg = Release|Any CPU
		{82C55708-8261-498A-ADA7-2C1078656B58}.Debug with args|Any CPU.ActiveCfg = Release
		{82C55708-8261-498A-ADA7-2C1078656B58}.Debug with args|Any CPU.Build.0 = Release
		{82C55708-8261-498A-ADA7-2C1078656B58}.Debug with args|Mixed Platforms.ActiveCfg = Debug
		{82C55708-8261-498A-ADA7-2C1078656B58}.Debug with args|Mixed Platforms.Build.0 = Debug
		{82C55708-8261-498A-ADA7-2C1078656B58}.Debug with args|x86.ActiveCfg = Debug
		{82C55708-8261-498A-ADA7-2C1078656B58}.Debug|Any CPU.ActiveCfg = Debug
		{82C55708-8261-498A-ADA7-2C1078656B58}.Debug|Any CPU.Build.0 = Debug
		{82C55708-8261-498A-ADA7-2C1078656B58}.Debug|Mixed Platforms.ActiveCfg = Debug
		{82C55708-8261-498A-ADA7-2C1078656B58}.Debug|x86.ActiveCfg = Debug
		{82C55708-8261-498A-ADA7-2C1078656B58}.Release with args|Any CPU.ActiveCfg = Release
		{82C55708-8261-498A-ADA7-2C1078656B58}.Release with args|Any CPU.Build.0 = Release
		{82C55708-8261-498A-ADA7-2C1078656B58}.Release with args|Any CPU.Deploy.0 = Release
		{82C55708-8261-498A-ADA7-2C1078656B58}.Release with args|Mixed Platforms.ActiveCfg = Release
		{82C55708-8261-498A-ADA7-2C1078656B58}.Release with args|Mixed Platforms.Build.0 = Release
		{82C55708-8261-498A-ADA7-2C1078656B58}.Release with args|x86.ActiveCfg = Release
		{82C55708-8261-498A-ADA7-2C1078656B58}.Release|Any CPU.ActiveCfg = Release
		{82C55708-8261-498A-ADA7-2C1078656B58}.Release|Any CPU.Build.0 = Release
		{82C55708-8261-498A-ADA7-2C1078656B58}.Release|Mixed Platforms.ActiveCfg = Release
		{82C55708-8261-498A-ADA7-2C1078656B58}.Release|Mixed Platforms.Build.0 = Release
		{82C55708-8261-498A-ADA7-2C1078656B58}.Release|x86.ActiveCfg = Release
		{4097B6D6-D317-4169-9219-43E1AC4DC1F7}.Debug with args|Any CPU.ActiveCfg = Release|Any CPU
		{4097B6D6-D317-4169-9219-43E1AC4DC1F7}.Debug with args|Any CPU.Build.0 = Release|Any CPU
		{4097B6D6-D317-4169-9219-43E1AC4DC1F7}.Debug with args|Mixed Platforms.ActiveCfg = Debug|Any CPU
		{4097B6D6-D317-4169-9219-43E1AC4DC1F7}.Debug with args|Mixed Platforms.Build.0 = Debug|Any CPU
		{4097B6D6-D317-4169-9219-43E1AC4DC1F7}.Debug with args|x86.ActiveCfg = Debug|Any CPU
		{4097B6D6-D317-4169-9219-43E1AC4DC1F7}.Debug with args|x86.Build.0 = Debug|Any CPU
		{4097B6D6-D317-4169-9219-43E1AC4DC1F7}.Debug|Any CPU.ActiveCfg = Debug|Any CPU
		{4097B6D6-D317-4169-9219-43E1AC4DC1F7}.Debug|Any CPU.Build.0 = Debug|Any CPU
		{4097B6D6-D317-4169-9219-43E1AC4DC1F7}.Debug|Mixed Platforms.ActiveCfg = Debug|Any CPU
		{4097B6D6-D317-4169-9219-43E1AC4DC1F7}.Debug|Mixed Platforms.Build.0 = Debug|Any CPU
		{4097B6D6-D317-4169-9219-43E1AC4DC1F7}.Debug|x86.ActiveCfg = Debug|Any CPU
		{4097B6D6-D317-4169-9219-43E1AC4DC1F7}.Debug|x86.Build.0 = Debug|Any CPU
		{4097B6D6-D317-4169-9219-43E1AC4DC1F7}.Release with args|Any CPU.ActiveCfg = Release|Any CPU
		{4097B6D6-D317-4169-9219-43E1AC4DC1F7}.Release with args|Any CPU.Build.0 = Release|Any CPU
		{4097B6D6-D317-4169-9219-43E1AC4DC1F7}.Release with args|Mixed Platforms.ActiveCfg = Release PC|Any CPU
		{4097B6D6-D317-4169-9219-43E1AC4DC1F7}.Release with args|Mixed Platforms.Build.0 = Release PC|Any CPU
		{4097B6D6-D317-4169-9219-43E1AC4DC1F7}.Release with args|x86.ActiveCfg = Release PC|Any CPU
		{4097B6D6-D317-4169-9219-43E1AC4DC1F7}.Release with args|x86.Build.0 = Release PC|Any CPU
		{4097B6D6-D317-4169-9219-43E1AC4DC1F7}.Release|Any CPU.ActiveCfg = Release|Any CPU
		{4097B6D6-D317-4169-9219-43E1AC4DC1F7}.Release|Any CPU.Build.0 = Release|Any CPU
		{4097B6D6-D317-4169-9219-43E1AC4DC1F7}.Release|Mixed Platforms.ActiveCfg = Release|Any CPU
		{4097B6D6-D317-4169-9219-43E1AC4DC1F7}.Release|Mixed Platforms.Build.0 = Release|Any CPU
		{4097B6D6-D317-4169-9219-43E1AC4DC1F7}.Release|x86.ActiveCfg = Release|Any CPU
		{4097B6D6-D317-4169-9219-43E1AC4DC1F7}.Release|x86.Build.0 = Release|Any CPU
		{CD0906AB-CAB0-4B02-BD38-70572B4D581B}.Debug with args|Any CPU.ActiveCfg = Release|Any CPU
		{CD0906AB-CAB0-4B02-BD38-70572B4D581B}.Debug with args|Mixed Platforms.ActiveCfg = Debug|Any CPU
		{CD0906AB-CAB0-4B02-BD38-70572B4D581B}.Debug with args|Mixed Platforms.Build.0 = Debug|Any CPU
		{CD0906AB-CAB0-4B02-BD38-70572B4D581B}.Debug with args|Mixed Platforms.Deploy.0 = Debug|Any CPU
		{CD0906AB-CAB0-4B02-BD38-70572B4D581B}.Debug with args|x86.ActiveCfg = Debug|Any CPU
		{CD0906AB-CAB0-4B02-BD38-70572B4D581B}.Debug|Any CPU.ActiveCfg = Debug|Any CPU
		{CD0906AB-CAB0-4B02-BD38-70572B4D581B}.Debug|Mixed Platforms.ActiveCfg = Debug|Any CPU
		{CD0906AB-CAB0-4B02-BD38-70572B4D581B}.Debug|x86.ActiveCfg = Debug|Any CPU
		{CD0906AB-CAB0-4B02-BD38-70572B4D581B}.Release with args|Any CPU.ActiveCfg = Release|Any CPU
		{CD0906AB-CAB0-4B02-BD38-70572B4D581B}.Release with args|Mixed Platforms.ActiveCfg = Release|Any CPU
		{CD0906AB-CAB0-4B02-BD38-70572B4D581B}.Release with args|Mixed Platforms.Build.0 = Release|Any CPU
		{CD0906AB-CAB0-4B02-BD38-70572B4D581B}.Release with args|Mixed Platforms.Deploy.0 = Release|Any CPU
		{CD0906AB-CAB0-4B02-BD38-70572B4D581B}.Release with args|x86.ActiveCfg = Release|Any CPU
		{CD0906AB-CAB0-4B02-BD38-70572B4D581B}.Release|Any CPU.ActiveCfg = Release|Any CPU
		{CD0906AB-CAB0-4B02-BD38-70572B4D581B}.Release|Mixed Platforms.ActiveCfg = Release|Any CPU
		{CD0906AB-CAB0-4B02-BD38-70572B4D581B}.Release|Mixed Platforms.Build.0 = Release|Any CPU
		{CD0906AB-CAB0-4B02-BD38-70572B4D581B}.Release|Mixed Platforms.Deploy.0 = Release|Any CPU
		{CD0906AB-CAB0-4B02-BD38-70572B4D581B}.Release|x86.ActiveCfg = Release|Any CPU
		{83CCFC7F-D667-4550-B335-B48C2F67A207}.Debug with args|Any CPU.ActiveCfg = Release|Any CPU
		{83CCFC7F-D667-4550-B335-B48C2F67A207}.Debug with args|Any CPU.Build.0 = Release|Any CPU
		{83CCFC7F-D667-4550-B335-B48C2F67A207}.Debug with args|Mixed Platforms.ActiveCfg = Debug|Any CPU
		{83CCFC7F-D667-4550-B335-B48C2F67A207}.Debug with args|Mixed Platforms.Build.0 = Debug|Any CPU
		{83CCFC7F-D667-4550-B335-B48C2F67A207}.Debug with args|x86.ActiveCfg = Debug|Any CPU
		{83CCFC7F-D667-4550-B335-B48C2F67A207}.Debug|Any CPU.ActiveCfg = Debug|Any CPU
		{83CCFC7F-D667-4550-B335-B48C2F67A207}.Debug|Any CPU.Build.0 = Debug|Any CPU
		{83CCFC7F-D667-4550-B335-B48C2F67A207}.Debug|Mixed Platforms.ActiveCfg = Debug|Any CPU
		{83CCFC7F-D667-4550-B335-B48C2F67A207}.Debug|Mixed Platforms.Build.0 = Debug|Any CPU
		{83CCFC7F-D667-4550-B335-B48C2F67A207}.Debug|x86.ActiveCfg = Debug|Any CPU
		{83CCFC7F-D667-4550-B335-B48C2F67A207}.Release with args|Any CPU.ActiveCfg = Release|Any CPU
		{83CCFC7F-D667-4550-B335-B48C2F67A207}.Release with args|Any CPU.Build.0 = Release|Any CPU
		{83CCFC7F-D667-4550-B335-B48C2F67A207}.Release with args|Mixed Platforms.ActiveCfg = Release|Any CPU
		{83CCFC7F-D667-4550-B335-B48C2F67A207}.Release with args|Mixed Platforms.Build.0 = Release|Any CPU
		{83CCFC7F-D667-4550-B335-B48C2F67A207}.Release with args|x86.ActiveCfg = Release|Any CPU
		{83CCFC7F-D667-4550-B335-B48C2F67A207}.Release|Any CPU.ActiveCfg = Release|Any CPU
		{83CCFC7F-D667-4550-B335-B48C2F67A207}.Release|Any CPU.Build.0 = Release|Any CPU
		{83CCFC7F-D667-4550-B335-B48C2F67A207}.Release|Mixed Platforms.ActiveCfg = Release|Any CPU
		{83CCFC7F-D667-4550-B335-B48C2F67A207}.Release|Mixed Platforms.Build.0 = Release|Any CPU
		{83CCFC7F-D667-4550-B335-B48C2F67A207}.Release|x86.ActiveCfg = Release|Any CPU
		{66B57265-EED3-49D7-B3B7-68CDE1061085}.Debug with args|Any CPU.ActiveCfg = Release|Any CPU
		{66B57265-EED3-49D7-B3B7-68CDE1061085}.Debug with args|Any CPU.Build.0 = Release|Any CPU
		{66B57265-EED3-49D7-B3B7-68CDE1061085}.Debug with args|Mixed Platforms.ActiveCfg = Debug|Any CPU
		{66B57265-EED3-49D7-B3B7-68CDE1061085}.Debug with args|Mixed Platforms.Build.0 = Debug|Any CPU
		{66B57265-EED3-49D7-B3B7-68CDE1061085}.Debug with args|x86.ActiveCfg = Debug|Any CPU
		{66B57265-EED3-49D7-B3B7-68CDE1061085}.Debug|Any CPU.ActiveCfg = Debug|Any CPU
		{66B57265-EED3-49D7-B3B7-68CDE1061085}.Debug|Any CPU.Build.0 = Debug|Any CPU
		{66B57265-EED3-49D7-B3B7-68CDE1061085}.Debug|Mixed Platforms.ActiveCfg = Debug|Any CPU
		{66B57265-EED3-49D7-B3B7-68CDE1061085}.Debug|Mixed Platforms.Build.0 = Debug|Any CPU
		{66B57265-EED3-49D7-B3B7-68CDE1061085}.Debug|x86.ActiveCfg = Debug|Any CPU
		{66B57265-EED3-49D7-B3B7-68CDE1061085}.Release with args|Any CPU.ActiveCfg = Release|Any CPU
		{66B57265-EED3-49D7-B3B7-68CDE1061085}.Release with args|Any CPU.Build.0 = Release|Any CPU
		{66B57265-EED3-49D7-B3B7-68CDE1061085}.Release with args|Mixed Platforms.ActiveCfg = Release|Any CPU
		{66B57265-EED3-49D7-B3B7-68CDE1061085}.Release with args|Mixed Platforms.Build.0 = Release|Any CPU
		{66B57265-EED3-49D7-B3B7-68CDE1061085}.Release with args|x86.ActiveCfg = Release|Any CPU
		{66B57265-EED3-49D7-B3B7-68CDE1061085}.Release|Any CPU.ActiveCfg = Release|Any CPU
		{66B57265-EED3-49D7-B3B7-68CDE1061085}.Release|Any CPU.Build.0 = Release|Any CPU
		{66B57265-EED3-49D7-B3B7-68CDE1061085}.Release|Mixed Platforms.ActiveCfg = Release|Any CPU
		{66B57265-EED3-49D7-B3B7-68CDE1061085}.Release|Mixed Platforms.Build.0 = Release|Any CPU
		{66B57265-EED3-49D7-B3B7-68CDE1061085}.Release|x86.ActiveCfg = Release|Any CPU
		{932C2341-A331-4B7C-8BC9-9D3491F1821B}.Debug with args|Any CPU.ActiveCfg = Release|Any CPU
		{932C2341-A331-4B7C-8BC9-9D3491F1821B}.Debug with args|Any CPU.Build.0 = Release|Any CPU
		{932C2341-A331-4B7C-8BC9-9D3491F1821B}.Debug with args|Mixed Platforms.ActiveCfg = Debug|Any CPU
		{932C2341-A331-4B7C-8BC9-9D3491F1821B}.Debug with args|Mixed Platforms.Build.0 = Debug|Any CPU
		{932C2341-A331-4B7C-8BC9-9D3491F1821B}.Debug with args|x86.ActiveCfg = Debug|Any CPU
		{932C2341-A331-4B7C-8BC9-9D3491F1821B}.Debug|Any CPU.ActiveCfg = Debug|Any CPU
		{932C2341-A331-4B7C-8BC9-9D3491F1821B}.Debug|Any CPU.Build.0 = Debug|Any CPU
		{932C2341-A331-4B7C-8BC9-9D3491F1821B}.Debug|Mixed Platforms.ActiveCfg = Debug|Any CPU
		{932C2341-A331-4B7C-8BC9-9D3491F1821B}.Debug|Mixed Platforms.Build.0 = Debug|Any CPU
		{932C2341-A331-4B7C-8BC9-9D3491F1821B}.Debug|x86.ActiveCfg = Debug|Any CPU
		{932C2341-A331-4B7C-8BC9-9D3491F1821B}.Release with args|Any CPU.ActiveCfg = Release|Any CPU
		{932C2341-A331-4B7C-8BC9-9D3491F1821B}.Release with args|Any CPU.Build.0 = Release|Any CPU
		{932C2341-A331-4B7C-8BC9-9D3491F1821B}.Release with args|Mixed Platforms.ActiveCfg = Release|Any CPU
		{932C2341-A331-4B7C-8BC9-9D3491F1821B}.Release with args|Mixed Platforms.Build.0 = Release|Any CPU
		{932C2341-A331-4B7C-8BC9-9D3491F1821B}.Release with args|x86.ActiveCfg = Release|Any CPU
		{932C2341-A331-4B7C-8BC9-9D3491F1821B}.Release|Any CPU.ActiveCfg = Release|Any CPU
		{932C2341-A331-4B7C-8BC9-9D3491F1821B}.Release|Any CPU.Build.0 = Release|Any CPU
		{932C2341-A331-4B7C-8BC9-9D3491F1821B}.Release|Mixed Platforms.ActiveCfg = Release|Any CPU
		{932C2341-A331-4B7C-8BC9-9D3491F1821B}.Release|Mixed Platforms.Build.0 = Release|Any CPU
		{932C2341-A331-4B7C-8BC9-9D3491F1821B}.Release|x86.ActiveCfg = Release|Any CPU
		{F882E97D-A121-41F6-916F-8FA956F84BCC}.Debug with args|Any CPU.ActiveCfg = Release|Any CPU
		{F882E97D-A121-41F6-916F-8FA956F84BCC}.Debug with args|Any CPU.Build.0 = Release|Any CPU
		{F882E97D-A121-41F6-916F-8FA956F84BCC}.Debug with args|Mixed Platforms.ActiveCfg = Debug|Any CPU
		{F882E97D-A121-41F6-916F-8FA956F84BCC}.Debug with args|Mixed Platforms.Build.0 = Debug|Any CPU
		{F882E97D-A121-41F6-916F-8FA956F84BCC}.Debug with args|x86.ActiveCfg = Debug|Any CPU
		{F882E97D-A121-41F6-916F-8FA956F84BCC}.Debug|Any CPU.ActiveCfg = Debug|Any CPU
		{F882E97D-A121-41F6-916F-8FA956F84BCC}.Debug|Any CPU.Build.0 = Debug|Any CPU
		{F882E97D-A121-41F6-916F-8FA956F84BCC}.Debug|Mixed Platforms.ActiveCfg = Debug|Any CPU
		{F882E97D-A121-41F6-916F-8FA956F84BCC}.Debug|Mixed Platforms.Build.0 = Debug|Any CPU
		{F882E97D-A121-41F6-916F-8FA956F84BCC}.Debug|x86.ActiveCfg = Debug|Any CPU
		{F882E97D-A121-41F6-916F-8FA956F84BCC}.Release with args|Any CPU.ActiveCfg = Release|Any CPU
		{F882E97D-A121-41F6-916F-8FA956F84BCC}.Release with args|Any CPU.Build.0 = Release|Any CPU
		{F882E97D-A121-41F6-916F-8FA956F84BCC}.Release with args|Mixed Platforms.ActiveCfg = Release|Any CPU
		{F882E97D-A121-41F6-916F-8FA956F84BCC}.Release with args|Mixed Platforms.Build.0 = Release|Any CPU
		{F882E97D-A121-41F6-916F-8FA956F84BCC}.Release with args|x86.ActiveCfg = Release|Any CPU
		{F882E97D-A121-41F6-916F-8FA956F84BCC}.Release|Any CPU.ActiveCfg = Release|Any CPU
		{F882E97D-A121-41F6-916F-8FA956F84BCC}.Release|Any CPU.Build.0 = Release|Any CPU
		{F882E97D-A121-41F6-916F-8FA956F84BCC}.Release|Mixed Platforms.ActiveCfg = Release|Any CPU
		{F882E97D-A121-41F6-916F-8FA956F84BCC}.Release|Mixed Platforms.Build.0 = Release|Any CPU
		{F882E97D-A121-41F6-916F-8FA956F84BCC}.Release|x86.ActiveCfg = Release|Any CPU
		{2B5BA2D4-7D46-4BF3-A775-2A0F849BE92B}.Debug with args|Any CPU.ActiveCfg = Release|Any CPU
		{2B5BA2D4-7D46-4BF3-A775-2A0F849BE92B}.Debug with args|Any CPU.Build.0 = Release|Any CPU
		{2B5BA2D4-7D46-4BF3-A775-2A0F849BE92B}.Debug with args|Mixed Platforms.ActiveCfg = Debug|Any CPU
		{2B5BA2D4-7D46-4BF3-A775-2A0F849BE92B}.Debug with args|Mixed Platforms.Build.0 = Debug|Any CPU
		{2B5BA2D4-7D46-4BF3-A775-2A0F849BE92B}.Debug with args|x86.ActiveCfg = Debug|Any CPU
		{2B5BA2D4-7D46-4BF3-A775-2A0F849BE92B}.Debug|Any CPU.ActiveCfg = Debug|Any CPU
		{2B5BA2D4-7D46-4BF3-A775-2A0F849BE92B}.Debug|Any CPU.Build.0 = Debug|Any CPU
		{2B5BA2D4-7D46-4BF3-A775-2A0F849BE92B}.Debug|Mixed Platforms.ActiveCfg = Debug|Any CPU
		{2B5BA2D4-7D46-4BF3-A775-2A0F849BE92B}.Debug|Mixed Platforms.Build.0 = Debug|Any CPU
		{2B5BA2D4-7D46-4BF3-A775-2A0F849BE92B}.Debug|x86.ActiveCfg = Debug|Any CPU
		{2B5BA2D4-7D46-4BF3-A775-2A0F849BE92B}.Release with args|Any CPU.ActiveCfg = Release|Any CPU
		{2B5BA2D4-7D46-4BF3-A775-2A0F849BE92B}.Release with args|Any CPU.Build.0 = Release|Any CPU
		{2B5BA2D4-7D46-4BF3-A775-2A0F849BE92B}.Release with args|Mixed Platforms.ActiveCfg = Release|Any CPU
		{2B5BA2D4-7D46-4BF3-A775-2A0F849BE92B}.Release with args|Mixed Platforms.Build.0 = Release|Any CPU
		{2B5BA2D4-7D46-4BF3-A775-2A0F849BE92B}.Release with args|x86.ActiveCfg = Release|Any CPU
		{2B5BA2D4-7D46-4BF3-A775-2A0F849BE92B}.Release|Any CPU.ActiveCfg = Release|Any CPU
		{2B5BA2D4-7D46-4BF3-A775-2A0F849BE92B}.Release|Any CPU.Build.0 = Release|Any CPU
		{2B5BA2D4-7D46-4BF3-A775-2A0F849BE92B}.Release|Mixed Platforms.ActiveCfg = Release|Any CPU
		{2B5BA2D4-7D46-4BF3-A775-2A0F849BE92B}.Release|Mixed Platforms.Build.0 = Release|Any CPU
		{2B5BA2D4-7D46-4BF3-A775-2A0F849BE92B}.Release|x86.ActiveCfg = Release|Any CPU
		{0452719F-1CAA-4959-B00C-AB8B1C438571}.Debug with args|Any CPU.ActiveCfg = Release|Any CPU
		{0452719F-1CAA-4959-B00C-AB8B1C438571}.Debug with args|Any CPU.Build.0 = Release|Any CPU
		{0452719F-1CAA-4959-B00C-AB8B1C438571}.Debug with args|Mixed Platforms.ActiveCfg = Debug|Any CPU
		{0452719F-1CAA-4959-B00C-AB8B1C438571}.Debug with args|Mixed Platforms.Build.0 = Debug|Any CPU
		{0452719F-1CAA-4959-B00C-AB8B1C438571}.Debug with args|x86.ActiveCfg = Debug|Any CPU
		{0452719F-1CAA-4959-B00C-AB8B1C438571}.Debug|Any CPU.ActiveCfg = Debug|Any CPU
		{0452719F-1CAA-4959-B00C-AB8B1C438571}.Debug|Any CPU.Build.0 = Debug|Any CPU
		{0452719F-1CAA-4959-B00C-AB8B1C438571}.Debug|Mixed Platforms.ActiveCfg = Debug|Any CPU
		{0452719F-1CAA-4959-B00C-AB8B1C438571}.Debug|Mixed Platforms.Build.0 = Debug|Any CPU
		{0452719F-1CAA-4959-B00C-AB8B1C438571}.Debug|x86.ActiveCfg = Debug|Any CPU
		{0452719F-1CAA-4959-B00C-AB8B1C438571}.Release with args|Any CPU.ActiveCfg = Release|Any CPU
		{0452719F-1CAA-4959-B00C-AB8B1C438571}.Release with args|Any CPU.Build.0 = Release|Any CPU
		{0452719F-1CAA-4959-B00C-AB8B1C438571}.Release with args|Mixed Platforms.ActiveCfg = Release|Any CPU
		{0452719F-1CAA-4959-B00C-AB8B1C438571}.Release with args|Mixed Platforms.Build.0 = Release|Any CPU
		{0452719F-1CAA-4959-B00C-AB8B1C438571}.Release with args|x86.ActiveCfg = Release|Any CPU
		{0452719F-1CAA-4959-B00C-AB8B1C438571}.Release|Any CPU.ActiveCfg = Release|Any CPU
		{0452719F-1CAA-4959-B00C-AB8B1C438571}.Release|Any CPU.Build.0 = Release|Any CPU
		{0452719F-1CAA-4959-B00C-AB8B1C438571}.Release|Mixed Platforms.ActiveCfg = Release|Any CPU
		{0452719F-1CAA-4959-B00C-AB8B1C438571}.Release|Mixed Platforms.Build.0 = Release|Any CPU
		{0452719F-1CAA-4959-B00C-AB8B1C438571}.Release|x86.ActiveCfg = Release|Any CPU
		{D346BFEA-85A0-4A5D-BD89-D07E073B065E}.Debug with args|Any CPU.ActiveCfg = Release|Any CPU
		{D346BFEA-85A0-4A5D-BD89-D07E073B065E}.Debug with args|Any CPU.Build.0 = Release|Any CPU
		{D346BFEA-85A0-4A5D-BD89-D07E073B065E}.Debug with args|Mixed Platforms.ActiveCfg = Debug|Any CPU
		{D346BFEA-85A0-4A5D-BD89-D07E073B065E}.Debug with args|Mixed Platforms.Build.0 = Debug|Any CPU
		{D346BFEA-85A0-4A5D-BD89-D07E073B065E}.Debug with args|x86.ActiveCfg = Debug|Any CPU
		{D346BFEA-85A0-4A5D-BD89-D07E073B065E}.Debug|Any CPU.ActiveCfg = Debug|Any CPU
		{D346BFEA-85A0-4A5D-BD89-D07E073B065E}.Debug|Any CPU.Build.0 = Debug|Any CPU
		{D346BFEA-85A0-4A5D-BD89-D07E073B065E}.Debug|Mixed Platforms.ActiveCfg = Debug|Any CPU
		{D346BFEA-85A0-4A5D-BD89-D07E073B065E}.Debug|Mixed Platforms.Build.0 = Debug|Any CPU
		{D346BFEA-85A0-4A5D-BD89-D07E073B065E}.Debug|x86.ActiveCfg = Debug|Any CPU
		{D346BFEA-85A0-4A5D-BD89-D07E073B065E}.Release with args|Any CPU.ActiveCfg = Release|Any CPU
		{D346BFEA-85A0-4A5D-BD89-D07E073B065E}.Release with args|Any CPU.Build.0 = Release|Any CPU
		{D346BFEA-85A0-4A5D-BD89-D07E073B065E}.Release with args|Mixed Platforms.ActiveCfg = Release|Any CPU
		{D346BFEA-85A0-4A5D-BD89-D07E073B065E}.Release with args|Mixed Platforms.Build.0 = Release|Any CPU
		{D346BFEA-85A0-4A5D-BD89-D07E073B065E}.Release with args|x86.ActiveCfg = Release|Any CPU
		{D346BFEA-85A0-4A5D-BD89-D07E073B065E}.Release|Any CPU.ActiveCfg = Release|Any CPU
		{D346BFEA-85A0-4A5D-BD89-D07E073B065E}.Release|Any CPU.Build.0 = Release|Any CPU
		{D346BFEA-85A0-4A5D-BD89-D07E073B065E}.Release|Mixed Platforms.ActiveCfg = Release|Any CPU
		{D346BFEA-85A0-4A5D-BD89-D07E073B065E}.Release|Mixed Platforms.Build.0 = Release|Any CPU
		{D346BFEA-85A0-4A5D-BD89-D07E073B065E}.Release|x86.ActiveCfg = Release|Any CPU
		{76D8D89F-E244-464A-AF59-7B95257A699C}.Debug with args|Any CPU.ActiveCfg = Release|Any CPU
		{76D8D89F-E244-464A-AF59-7B95257A699C}.Debug with args|Any CPU.Build.0 = Release|Any CPU
		{76D8D89F-E244-464A-AF59-7B95257A699C}.Debug with args|Mixed Platforms.ActiveCfg = Debug|Any CPU
		{76D8D89F-E244-464A-AF59-7B95257A699C}.Debug with args|Mixed Platforms.Build.0 = Debug|Any CPU
		{76D8D89F-E244-464A-AF59-7B95257A699C}.Debug with args|x86.ActiveCfg = Debug|Any CPU
		{76D8D89F-E244-464A-AF59-7B95257A699C}.Debug|Any CPU.ActiveCfg = Debug|Any CPU
		{76D8D89F-E244-464A-AF59-7B95257A699C}.Debug|Any CPU.Build.0 = Debug|Any CPU
		{76D8D89F-E244-464A-AF59-7B95257A699C}.Debug|Mixed Platforms.ActiveCfg = Debug|Any CPU
		{76D8D89F-E244-464A-AF59-7B95257A699C}.Debug|Mixed Platforms.Build.0 = Debug|Any CPU
		{76D8D89F-E244-464A-AF59-7B95257A699C}.Debug|x86.ActiveCfg = Debug|Any CPU
		{76D8D89F-E244-464A-AF59-7B95257A699C}.Release with args|Any CPU.ActiveCfg = Release|Any CPU
		{76D8D89F-E244-464A-AF59-7B95257A699C}.Release with args|Any CPU.Build.0 = Release|Any CPU
		{76D8D89F-E244-464A-AF59-7B95257A699C}.Release with args|Mixed Platforms.ActiveCfg = Release|Any CPU
		{76D8D89F-E244-464A-AF59-7B95257A699C}.Release with args|Mixed Platforms.Build.0 = Release|Any CPU
		{76D8D89F-E244-464A-AF59-7B95257A699C}.Release with args|x86.ActiveCfg = Release|Any CPU
		{76D8D89F-E244-464A-AF59-7B95257A699C}.Release|Any CPU.ActiveCfg = Release|Any CPU
		{76D8D89F-E244-464A-AF59-7B95257A699C}.Release|Any CPU.Build.0 = Release|Any CPU
		{76D8D89F-E244-464A-AF59-7B95257A699C}.Release|Mixed Platforms.ActiveCfg = Release|Any CPU
		{76D8D89F-E244-464A-AF59-7B95257A699C}.Release|Mixed Platforms.Build.0 = Release|Any CPU
		{76D8D89F-E244-464A-AF59-7B95257A699C}.Release|x86.ActiveCfg = Release|Any CPU
	EndGlobalSection
	GlobalSection(SolutionProperties) = preSolution
		HideSolutionNode = FALSE
	EndGlobalSection
	GlobalSection(NestedProjects) = preSolution
		{BAF1842E-F8C5-47A5-94C6-ADABA8A4B3AF} = {10322103-1C7D-4551-A68B-7B0F2DC76D00}
		{DC8A4894-F4A8-4554-B475-2EBAD49AF148} = {10322103-1C7D-4551-A68B-7B0F2DC76D00}
		{83CCFC7F-D667-4550-B335-B48C2F67A207} = {0342DDBE-0C70-4BF8-8D15-7DD81021A419}
		{66B57265-EED3-49D7-B3B7-68CDE1061085} = {0342DDBE-0C70-4BF8-8D15-7DD81021A419}
		{4097B6D6-D317-4169-9219-43E1AC4DC1F7} = {0A2F0767-2EF9-477F-8AB0-4D5B2E1E4861}
		{932C2341-A331-4B7C-8BC9-9D3491F1821B} = {0A2F0767-2EF9-477F-8AB0-4D5B2E1E4861}
		{F882E97D-A121-41F6-916F-8FA956F84BCC} = {C8D9330A-5EF9-43E8-A2D3-81C0286B715E}
		{2B5BA2D4-7D46-4BF3-A775-2A0F849BE92B} = {C8D9330A-5EF9-43E8-A2D3-81C0286B715E}
		{0452719F-1CAA-4959-B00C-AB8B1C438571} = {D97045D4-D331-49BE-9B54-25A3CAEA03C5}
		{D346BFEA-85A0-4A5D-BD89-D07E073B065E} = {D97045D4-D331-49BE-9B54-25A3CAEA03C5}
	EndGlobalSection
EndGlobal
