
Microsoft Visual Studio Solution File, Format Version 10.00
# Visual Studio 2008
Project("{FAE04EC0-301F-11D3-BF4B-00C04F79EFBC}") = "CruiseDAL_CF20", "..\CruiseDAL\CruiseDAL\CruiseDAL_CF20.csproj", "{DC8A4894-F4A8-4554-B475-2EBAD49AF148}"
EndProject
Project("{FAE04EC0-301F-11D3-BF4B-00C04F79EFBC}") = "FMSC.Controls_CF20", "..\FMSC.Controls\FMSC.Controls\FMSC.Controls_CF20.csproj", "{66B57265-EED3-49D7-B3B7-68CDE1061085}"
EndProject
Project("{FAE04EC0-301F-11D3-BF4B-00C04F79EFBC}") = "FMSC.Sampling_CF20", "..\FMSC.Sampling\src\FMSC.Sampling\FMSC.Sampling_CF20.csproj", "{932C2341-A331-4B7C-8BC9-9D3491F1821B}"
EndProject
Project("{FAE04EC0-301F-11D3-BF4B-00C04F79EFBC}") = "FSCruiserV2CE_CF20", "FSCruiserV2\FSCruiserV2CE_CF20.csproj", "{AFD7A43E-A691-4A30-859A-28C9245EB0FC}"
EndProject
Project("{B900F1C2-3D47-4FEC-85B3-04AAF18C3634}") = "FSCruiserV2CECF20_CAB", "FSCruiserV2CECF20_CAB\FSCruiserV2CECF20_CAB.vddproj", "{82C55708-8261-498A-ADA7-2C1078656B58}"
EndProject
Project("{FAE04EC0-301F-11D3-BF4B-00C04F79EFBC}") = "FScruiserCETest", "FScruiserCETest\FScruiserCETest.csproj", "{CD0906AB-CAB0-4B02-BD38-70572B4D581B}"
EndProject
Project("{FAE04EC0-301F-11D3-BF4B-00C04F79EFBC}") = "FMSC.Utility_CF20", "..\FMSC.Util\FMSC.Utility\FMSC.Utility_CF20.csproj", "{2B5BA2D4-7D46-4BF3-A775-2A0F849BE92B}"
EndProject
Project("{FAE04EC0-301F-11D3-BF4B-00C04F79EFBC}") = "FMSC.ORM.NetCF20", "..\CruiseDAL\FMSC.ORM\FMSC.ORM.NetCF20.csproj", "{D346BFEA-85A0-4A5D-BD89-D07E073B065E}"
EndProject
Project("{FAE04EC0-301F-11D3-BF4B-00C04F79EFBC}") = "FScruiser.Core.Test", "FScruiser.Core.Test\FScruiser.Core.Test.csproj", "{76D8D89F-E244-464A-AF59-7B95257A699C}"
EndProject
Project("{FAE04EC0-301F-11D3-BF4B-00C04F79EFBC}") = "FScruiser.Core_CF20", "FScruiser.Core\FScruiser.Core_CF20.csproj", "{C78E1A49-9F49-45E6-86A4-13C2F22E8450}"
EndProject
Global
	GlobalSection(TestCaseManagementSettings) = postSolution
		CategoryFile = FScruiserV2.vsmdi
	EndGlobalSection
	GlobalSection(SolutionConfigurationPlatforms) = preSolution
		Debug|Any CPU = Debug|Any CPU
		Release|Any CPU = Release|Any CPU
	EndGlobalSection
	GlobalSection(ProjectConfigurationPlatforms) = postSolution
		{DC8A4894-F4A8-4554-B475-2EBAD49AF148}.Debug|Any CPU.ActiveCfg = Release|Any CPU
		{DC8A4894-F4A8-4554-B475-2EBAD49AF148}.Debug|Any CPU.Build.0 = Release|Any CPU
		{DC8A4894-F4A8-4554-B475-2EBAD49AF148}.Release|Any CPU.ActiveCfg = Release|Any CPU
		{DC8A4894-F4A8-4554-B475-2EBAD49AF148}.Release|Any CPU.Build.0 = Release|Any CPU
		{66B57265-EED3-49D7-B3B7-68CDE1061085}.Debug|Any CPU.ActiveCfg = Debug|Any CPU
		{66B57265-EED3-49D7-B3B7-68CDE1061085}.Debug|Any CPU.Build.0 = Debug|Any CPU
		{66B57265-EED3-49D7-B3B7-68CDE1061085}.Release|Any CPU.ActiveCfg = Release|Any CPU
		{66B57265-EED3-49D7-B3B7-68CDE1061085}.Release|Any CPU.Build.0 = Release|Any CPU
		{932C2341-A331-4B7C-8BC9-9D3491F1821B}.Debug|Any CPU.ActiveCfg = Debug|Any CPU
		{932C2341-A331-4B7C-8BC9-9D3491F1821B}.Debug|Any CPU.Build.0 = Debug|Any CPU
		{932C2341-A331-4B7C-8BC9-9D3491F1821B}.Release|Any CPU.ActiveCfg = Release|Any CPU
		{932C2341-A331-4B7C-8BC9-9D3491F1821B}.Release|Any CPU.Build.0 = Release|Any CPU
		{AFD7A43E-A691-4A30-859A-28C9245EB0FC}.Debug|Any CPU.ActiveCfg = Debug|Any CPU
		{AFD7A43E-A691-4A30-859A-28C9245EB0FC}.Debug|Any CPU.Build.0 = Debug|Any CPU
		{AFD7A43E-A691-4A30-859A-28C9245EB0FC}.Debug|Any CPU.Deploy.0 = Debug|Any CPU
		{AFD7A43E-A691-4A30-859A-28C9245EB0FC}.Release|Any CPU.ActiveCfg = Release|Any CPU
		{AFD7A43E-A691-4A30-859A-28C9245EB0FC}.Release|Any CPU.Build.0 = Release|Any CPU
		{AFD7A43E-A691-4A30-859A-28C9245EB0FC}.Release|Any CPU.Deploy.0 = Release|Any CPU
		{82C55708-8261-498A-ADA7-2C1078656B58}.Debug|Any CPU.ActiveCfg = Release
		{82C55708-8261-498A-ADA7-2C1078656B58}.Debug|Any CPU.Build.0 = Release
		{82C55708-8261-498A-ADA7-2C1078656B58}.Release|Any CPU.ActiveCfg = Release
		{82C55708-8261-498A-ADA7-2C1078656B58}.Release|Any CPU.Build.0 = Release
		{CD0906AB-CAB0-4B02-BD38-70572B4D581B}.Debug|Any CPU.ActiveCfg = Debug|Any CPU
		{CD0906AB-CAB0-4B02-BD38-70572B4D581B}.Release|Any CPU.ActiveCfg = Release|Any CPU
		{2B5BA2D4-7D46-4BF3-A775-2A0F849BE92B}.Debug|Any CPU.ActiveCfg = Debug|Any CPU
		{2B5BA2D4-7D46-4BF3-A775-2A0F849BE92B}.Debug|Any CPU.Build.0 = Debug|Any CPU
		{2B5BA2D4-7D46-4BF3-A775-2A0F849BE92B}.Release|Any CPU.ActiveCfg = Release|Any CPU
		{2B5BA2D4-7D46-4BF3-A775-2A0F849BE92B}.Release|Any CPU.Build.0 = Release|Any CPU
		{D346BFEA-85A0-4A5D-BD89-D07E073B065E}.Debug|Any CPU.ActiveCfg = Debug|Any CPU
		{D346BFEA-85A0-4A5D-BD89-D07E073B065E}.Debug|Any CPU.Build.0 = Debug|Any CPU
		{D346BFEA-85A0-4A5D-BD89-D07E073B065E}.Release|Any CPU.ActiveCfg = Release|Any CPU
		{D346BFEA-85A0-4A5D-BD89-D07E073B065E}.Release|Any CPU.Build.0 = Release|Any CPU
		{76D8D89F-E244-464A-AF59-7B95257A699C}.Debug|Any CPU.ActiveCfg = Debug|Any CPU
		{76D8D89F-E244-464A-AF59-7B95257A699C}.Debug|Any CPU.Build.0 = Debug|Any CPU
		{76D8D89F-E244-464A-AF59-7B95257A699C}.Release|Any CPU.ActiveCfg = Release|Any CPU
		{76D8D89F-E244-464A-AF59-7B95257A699C}.Release|Any CPU.Build.0 = Release|Any CPU
		{C78E1A49-9F49-45E6-86A4-13C2F22E8450}.Debug|Any CPU.ActiveCfg = Debug|Any CPU
		{C78E1A49-9F49-45E6-86A4-13C2F22E8450}.Debug|Any CPU.Build.0 = Debug|Any CPU
		{C78E1A49-9F49-45E6-86A4-13C2F22E8450}.Release|Any CPU.ActiveCfg = Release|Any CPU
		{C78E1A49-9F49-45E6-86A4-13C2F22E8450}.Release|Any CPU.Build.0 = Release|Any CPU
	EndGlobalSection
	GlobalSection(SolutionProperties) = preSolution
		HideSolutionNode = FALSE
	EndGlobalSection
EndGlobal
