
Microsoft Visual Studio Solution File, Format Version 12.00
# Visual Studio 15
VisualStudioVersion = 15.0.26730.10
MinimumVisualStudioVersion = 10.0.40219.1
Project("{FAE04EC0-301F-11D3-BF4B-00C04F79EFBC}") = "FMSC.ORM.VS15", "..\CruiseDAL\FMSC.ORM\FMSC.ORM.VS15.csproj", "{22432D40-9892-40A6-AA0C-CC8C2FA4BB91}"
EndProject
Project("{FAE04EC0-301F-11D3-BF4B-00C04F79EFBC}") = "FMSC.Controls.VS15", "..\FMSC.Controls\FMSC.Controls\FMSC.Controls.VS15.csproj", "{83CCFC7F-D667-4550-B335-B48C2F67A207}"
EndProject
Project("{FAE04EC0-301F-11D3-BF4B-00C04F79EFBC}") = "FMSC.Utility.VS15", "..\FMSC.Util\FMSC.Utility\FMSC.Utility.VS15.csproj", "{F882E97D-A121-41F6-916F-8FA956F84BCC}"
EndProject
Project("{FAE04EC0-301F-11D3-BF4B-00C04F79EFBC}") = "FMSC.Sampling.VS15", "..\FMSC.Sampling\src\FMSC.Sampling\FMSC.Sampling.VS15.csproj", "{4097B6D6-D317-4169-9219-43E1AC4DC1F7}"
EndProject
Project("{FAE04EC0-301F-11D3-BF4B-00C04F79EFBC}") = "CruiseDAL.VS15", "..\CruiseDAL\CruiseDAL\CruiseDAL.VS15.csproj", "{BAF1842E-F8C5-47A5-94C6-ADABA8A4B3AF}"
EndProject
Project("{9A19103F-16F7-4668-BE54-9A1E7A4F7556}") = "FScruiser.Core.VS17", "FScruiser.Core\FScruiser.Core.csproj", "{D45A8891-4D35-40B2-BA8B-0593BBA35B73}"
EndProject
Project("{9A19103F-16F7-4668-BE54-9A1E7A4F7556}") = "FScruiser.Core.Test.VS17", "FScruiser.Core.Test\FScruiser.Core.Test.csproj", "{E9A480D2-B296-4E8B-910F-D116740F044B}"
EndProject
Project("{9A19103F-16F7-4668-BE54-9A1E7A4F7556}") = "FScruiserPC.VS17", "FSCruiserV2\FScruiserPC.csproj", "{7A2060DD-CB6E-4DBB-A390-E2B822218C5D}"
EndProject
Global
	GlobalSection(SolutionConfigurationPlatforms) = preSolution
		Debug|Any CPU = Debug|Any CPU
		Debug|x64 = Debug|x64
		Debug|x86 = Debug|x86
		Release|Any CPU = Release|Any CPU
		Release|x64 = Release|x64
		Release|x86 = Release|x86
	EndGlobalSection
	GlobalSection(ProjectConfigurationPlatforms) = postSolution
		{22432D40-9892-40A6-AA0C-CC8C2FA4BB91}.Debug|Any CPU.ActiveCfg = Debug|Any CPU
		{22432D40-9892-40A6-AA0C-CC8C2FA4BB91}.Debug|Any CPU.Build.0 = Debug|Any CPU
		{22432D40-9892-40A6-AA0C-CC8C2FA4BB91}.Debug|x64.ActiveCfg = Debug|Any CPU
		{22432D40-9892-40A6-AA0C-CC8C2FA4BB91}.Debug|x64.Build.0 = Debug|Any CPU
		{22432D40-9892-40A6-AA0C-CC8C2FA4BB91}.Debug|x86.ActiveCfg = Debug|Any CPU
		{22432D40-9892-40A6-AA0C-CC8C2FA4BB91}.Debug|x86.Build.0 = Debug|Any CPU
		{22432D40-9892-40A6-AA0C-CC8C2FA4BB91}.Release|Any CPU.ActiveCfg = Release|Any CPU
		{22432D40-9892-40A6-AA0C-CC8C2FA4BB91}.Release|Any CPU.Build.0 = Release|Any CPU
		{22432D40-9892-40A6-AA0C-CC8C2FA4BB91}.Release|x64.ActiveCfg = Release|Any CPU
		{22432D40-9892-40A6-AA0C-CC8C2FA4BB91}.Release|x64.Build.0 = Release|Any CPU
		{22432D40-9892-40A6-AA0C-CC8C2FA4BB91}.Release|x86.ActiveCfg = Release|Any CPU
		{22432D40-9892-40A6-AA0C-CC8C2FA4BB91}.Release|x86.Build.0 = Release|Any CPU
		{83CCFC7F-D667-4550-B335-B48C2F67A207}.Debug|Any CPU.ActiveCfg = Debug|Any CPU
		{83CCFC7F-D667-4550-B335-B48C2F67A207}.Debug|Any CPU.Build.0 = Debug|Any CPU
		{83CCFC7F-D667-4550-B335-B48C2F67A207}.Debug|x64.ActiveCfg = Debug|Any CPU
		{83CCFC7F-D667-4550-B335-B48C2F67A207}.Debug|x64.Build.0 = Debug|Any CPU
		{83CCFC7F-D667-4550-B335-B48C2F67A207}.Debug|x86.ActiveCfg = Debug|Any CPU
		{83CCFC7F-D667-4550-B335-B48C2F67A207}.Debug|x86.Build.0 = Debug|Any CPU
		{83CCFC7F-D667-4550-B335-B48C2F67A207}.Release|Any CPU.ActiveCfg = Release|Any CPU
		{83CCFC7F-D667-4550-B335-B48C2F67A207}.Release|Any CPU.Build.0 = Release|Any CPU
		{83CCFC7F-D667-4550-B335-B48C2F67A207}.Release|x64.ActiveCfg = Release|Any CPU
		{83CCFC7F-D667-4550-B335-B48C2F67A207}.Release|x64.Build.0 = Release|Any CPU
		{83CCFC7F-D667-4550-B335-B48C2F67A207}.Release|x86.ActiveCfg = Release|Any CPU
		{83CCFC7F-D667-4550-B335-B48C2F67A207}.Release|x86.Build.0 = Release|Any CPU
		{F882E97D-A121-41F6-916F-8FA956F84BCC}.Debug|Any CPU.ActiveCfg = Debug|Any CPU
		{F882E97D-A121-41F6-916F-8FA956F84BCC}.Debug|Any CPU.Build.0 = Debug|Any CPU
		{F882E97D-A121-41F6-916F-8FA956F84BCC}.Debug|x64.ActiveCfg = Debug|Any CPU
		{F882E97D-A121-41F6-916F-8FA956F84BCC}.Debug|x64.Build.0 = Debug|Any CPU
		{F882E97D-A121-41F6-916F-8FA956F84BCC}.Debug|x86.ActiveCfg = Debug|Any CPU
		{F882E97D-A121-41F6-916F-8FA956F84BCC}.Debug|x86.Build.0 = Debug|Any CPU
		{F882E97D-A121-41F6-916F-8FA956F84BCC}.Release|Any CPU.ActiveCfg = Release|Any CPU
		{F882E97D-A121-41F6-916F-8FA956F84BCC}.Release|Any CPU.Build.0 = Release|Any CPU
		{F882E97D-A121-41F6-916F-8FA956F84BCC}.Release|x64.ActiveCfg = Release|Any CPU
		{F882E97D-A121-41F6-916F-8FA956F84BCC}.Release|x64.Build.0 = Release|Any CPU
		{F882E97D-A121-41F6-916F-8FA956F84BCC}.Release|x86.ActiveCfg = Release|Any CPU
		{F882E97D-A121-41F6-916F-8FA956F84BCC}.Release|x86.Build.0 = Release|Any CPU
		{4097B6D6-D317-4169-9219-43E1AC4DC1F7}.Debug|Any CPU.ActiveCfg = Debug|Any CPU
		{4097B6D6-D317-4169-9219-43E1AC4DC1F7}.Debug|Any CPU.Build.0 = Debug|Any CPU
		{4097B6D6-D317-4169-9219-43E1AC4DC1F7}.Debug|x64.ActiveCfg = Debug|Any CPU
		{4097B6D6-D317-4169-9219-43E1AC4DC1F7}.Debug|x64.Build.0 = Debug|Any CPU
		{4097B6D6-D317-4169-9219-43E1AC4DC1F7}.Debug|x86.ActiveCfg = Debug|x86
		{4097B6D6-D317-4169-9219-43E1AC4DC1F7}.Debug|x86.Build.0 = Debug|x86
		{4097B6D6-D317-4169-9219-43E1AC4DC1F7}.Release|Any CPU.ActiveCfg = Release|Any CPU
		{4097B6D6-D317-4169-9219-43E1AC4DC1F7}.Release|Any CPU.Build.0 = Release|Any CPU
		{4097B6D6-D317-4169-9219-43E1AC4DC1F7}.Release|x64.ActiveCfg = Release|Any CPU
		{4097B6D6-D317-4169-9219-43E1AC4DC1F7}.Release|x64.Build.0 = Release|Any CPU
		{4097B6D6-D317-4169-9219-43E1AC4DC1F7}.Release|x86.ActiveCfg = Release|x86
		{4097B6D6-D317-4169-9219-43E1AC4DC1F7}.Release|x86.Build.0 = Release|x86
		{BAF1842E-F8C5-47A5-94C6-ADABA8A4B3AF}.Debug|Any CPU.ActiveCfg = Debug|Any CPU
		{BAF1842E-F8C5-47A5-94C6-ADABA8A4B3AF}.Debug|Any CPU.Build.0 = Debug|Any CPU
		{BAF1842E-F8C5-47A5-94C6-ADABA8A4B3AF}.Debug|x64.ActiveCfg = Debug|Any CPU
		{BAF1842E-F8C5-47A5-94C6-ADABA8A4B3AF}.Debug|x64.Build.0 = Debug|Any CPU
		{BAF1842E-F8C5-47A5-94C6-ADABA8A4B3AF}.Debug|x86.ActiveCfg = Debug|x86
		{BAF1842E-F8C5-47A5-94C6-ADABA8A4B3AF}.Debug|x86.Build.0 = Debug|x86
		{BAF1842E-F8C5-47A5-94C6-ADABA8A4B3AF}.Release|Any CPU.ActiveCfg = Release|Any CPU
		{BAF1842E-F8C5-47A5-94C6-ADABA8A4B3AF}.Release|Any CPU.Build.0 = Release|Any CPU
		{BAF1842E-F8C5-47A5-94C6-ADABA8A4B3AF}.Release|x64.ActiveCfg = Release|Any CPU
		{BAF1842E-F8C5-47A5-94C6-ADABA8A4B3AF}.Release|x64.Build.0 = Release|Any CPU
		{BAF1842E-F8C5-47A5-94C6-ADABA8A4B3AF}.Release|x86.ActiveCfg = Release|x86
		{BAF1842E-F8C5-47A5-94C6-ADABA8A4B3AF}.Release|x86.Build.0 = Release|x86
		{D45A8891-4D35-40B2-BA8B-0593BBA35B73}.Debug|Any CPU.ActiveCfg = Debug|Any CPU
		{D45A8891-4D35-40B2-BA8B-0593BBA35B73}.Debug|Any CPU.Build.0 = Debug|Any CPU
		{D45A8891-4D35-40B2-BA8B-0593BBA35B73}.Debug|x64.ActiveCfg = Debug|Any CPU
		{D45A8891-4D35-40B2-BA8B-0593BBA35B73}.Debug|x64.Build.0 = Debug|Any CPU
		{D45A8891-4D35-40B2-BA8B-0593BBA35B73}.Debug|x86.ActiveCfg = Debug|Any CPU
		{D45A8891-4D35-40B2-BA8B-0593BBA35B73}.Debug|x86.Build.0 = Debug|Any CPU
		{D45A8891-4D35-40B2-BA8B-0593BBA35B73}.Release|Any CPU.ActiveCfg = Release|Any CPU
		{D45A8891-4D35-40B2-BA8B-0593BBA35B73}.Release|Any CPU.Build.0 = Release|Any CPU
		{D45A8891-4D35-40B2-BA8B-0593BBA35B73}.Release|x64.ActiveCfg = Release|Any CPU
		{D45A8891-4D35-40B2-BA8B-0593BBA35B73}.Release|x64.Build.0 = Release|Any CPU
		{D45A8891-4D35-40B2-BA8B-0593BBA35B73}.Release|x86.ActiveCfg = Release|Any CPU
		{D45A8891-4D35-40B2-BA8B-0593BBA35B73}.Release|x86.Build.0 = Release|Any CPU
		{E9A480D2-B296-4E8B-910F-D116740F044B}.Debug|Any CPU.ActiveCfg = Debug|Any CPU
		{E9A480D2-B296-4E8B-910F-D116740F044B}.Debug|Any CPU.Build.0 = Debug|Any CPU
		{E9A480D2-B296-4E8B-910F-D116740F044B}.Debug|x64.ActiveCfg = Debug|Any CPU
		{E9A480D2-B296-4E8B-910F-D116740F044B}.Debug|x64.Build.0 = Debug|Any CPU
		{E9A480D2-B296-4E8B-910F-D116740F044B}.Debug|x86.ActiveCfg = Debug|Any CPU
		{E9A480D2-B296-4E8B-910F-D116740F044B}.Debug|x86.Build.0 = Debug|Any CPU
		{E9A480D2-B296-4E8B-910F-D116740F044B}.Release|Any CPU.ActiveCfg = Release|Any CPU
		{E9A480D2-B296-4E8B-910F-D116740F044B}.Release|Any CPU.Build.0 = Release|Any CPU
		{E9A480D2-B296-4E8B-910F-D116740F044B}.Release|x64.ActiveCfg = Release|Any CPU
		{E9A480D2-B296-4E8B-910F-D116740F044B}.Release|x64.Build.0 = Release|Any CPU
		{E9A480D2-B296-4E8B-910F-D116740F044B}.Release|x86.ActiveCfg = Release|Any CPU
		{E9A480D2-B296-4E8B-910F-D116740F044B}.Release|x86.Build.0 = Release|Any CPU
		{7A2060DD-CB6E-4DBB-A390-E2B822218C5D}.Debug|Any CPU.ActiveCfg = Debug|Any CPU
		{7A2060DD-CB6E-4DBB-A390-E2B822218C5D}.Debug|Any CPU.Build.0 = Debug|Any CPU
		{7A2060DD-CB6E-4DBB-A390-E2B822218C5D}.Debug|x64.ActiveCfg = Debug|Any CPU
		{7A2060DD-CB6E-4DBB-A390-E2B822218C5D}.Debug|x64.Build.0 = Debug|Any CPU
		{7A2060DD-CB6E-4DBB-A390-E2B822218C5D}.Debug|x86.ActiveCfg = Debug|Any CPU
		{7A2060DD-CB6E-4DBB-A390-E2B822218C5D}.Debug|x86.Build.0 = Debug|Any CPU
		{7A2060DD-CB6E-4DBB-A390-E2B822218C5D}.Release|Any CPU.ActiveCfg = Release|Any CPU
		{7A2060DD-CB6E-4DBB-A390-E2B822218C5D}.Release|Any CPU.Build.0 = Release|Any CPU
		{7A2060DD-CB6E-4DBB-A390-E2B822218C5D}.Release|x64.ActiveCfg = Release|Any CPU
		{7A2060DD-CB6E-4DBB-A390-E2B822218C5D}.Release|x64.Build.0 = Release|Any CPU
		{7A2060DD-CB6E-4DBB-A390-E2B822218C5D}.Release|x86.ActiveCfg = Release|Any CPU
		{7A2060DD-CB6E-4DBB-A390-E2B822218C5D}.Release|x86.Build.0 = Release|Any CPU
	EndGlobalSection
	GlobalSection(SolutionProperties) = preSolution
		HideSolutionNode = FALSE
	EndGlobalSection
	GlobalSection(ExtensibilityGlobals) = postSolution
		SolutionGuid = {6B5DFB40-A0C3-4EE7-8865-B53A80EBA887}
	EndGlobalSection
	GlobalSection(TestCaseManagementSettings) = postSolution
		CategoryFile = FScruiserV2.vsmdi
	EndGlobalSection
EndGlobal
