
Microsoft Visual Studio Solution File, Format Version 12.00
# Visual Studio 14
VisualStudioVersion = 14.0.25420.1
MinimumVisualStudioVersion = 10.0.40219.1
Project("{FAE04EC0-301F-11D3-BF4B-00C04F79EFBC}") = "FScruiserPC", "FSCruiserV2\FScruiserPC.csproj", "{9568C413-05B2-4672-AD7B-E4101537AB26}"
EndProject
Project("{FAE04EC0-301F-11D3-BF4B-00C04F79EFBC}") = "FScruiser.Core", "FScruiser.Core\FScruiser.Core.csproj", "{7D65EE5A-23F0-4F08-9DC6-7DF0E23D3926}"
EndProject
Project("{FAE04EC0-301F-11D3-BF4B-00C04F79EFBC}") = "FMSC.ORM.VS15", "..\CruiseDAL\FMSC.ORM\FMSC.ORM.VS15.csproj", "{22432D40-9892-40A6-AA0C-CC8C2FA4BB91}"
EndProject
Project("{FAE04EC0-301F-11D3-BF4B-00C04F79EFBC}") = "FMSC.Controls.VS15", "..\FMSC.Controls\FMSC.Controls\FMSC.Controls.VS15.csproj", "{83CCFC7F-D667-4550-B335-B48C2F67A207}"
EndProject
Project("{FAE04EC0-301F-11D3-BF4B-00C04F79EFBC}") = "FMSC.Utility.VS15", "..\FMSC.Util\FMSC.Utility\FMSC.Utility.VS15.csproj", "{F882E97D-A121-41F6-916F-8FA956F84BCC}"
EndProject
Project("{FAE04EC0-301F-11D3-BF4B-00C04F79EFBC}") = "FMSC.Sampling.VS15", "..\FMSC.Sampling\src\FMSC.Sampling\FMSC.Sampling.VS15.csproj", "{4097B6D6-D317-4169-9219-43E1AC4DC1F7}"
EndProject
Project("{FAE04EC0-301F-11D3-BF4B-00C04F79EFBC}") = "CruiseDAL.VS15", "..\CruiseDAL\CruiseDAL\CruiseDAL.VS15.csproj", "{BAF1842E-F8C5-47A5-94C6-ADABA8A4B3AF}"
EndProject
Global
	GlobalSection(SolutionConfigurationPlatforms) = preSolution
		Debug|Any CPU = Debug|Any CPU
		Debug|x64 = Debug|x64
		Debug|x86 = Debug|x86
		Release|Any CPU = Release|Any CPU
		Release|x64 = Release|x64
		Release|x86 = Release|x86
	EndGlobalSection
	GlobalSection(ProjectConfigurationPlatforms) = postSolution
		{9568C413-05B2-4672-AD7B-E4101537AB26}.Debug|Any CPU.ActiveCfg = Debug|Any CPU
		{9568C413-05B2-4672-AD7B-E4101537AB26}.Debug|Any CPU.Build.0 = Debug|Any CPU
		{9568C413-05B2-4672-AD7B-E4101537AB26}.Debug|x64.ActiveCfg = Debug|x64
		{9568C413-05B2-4672-AD7B-E4101537AB26}.Debug|x64.Build.0 = Debug|x64
		{9568C413-05B2-4672-AD7B-E4101537AB26}.Debug|x86.ActiveCfg = Debug|x86
		{9568C413-05B2-4672-AD7B-E4101537AB26}.Debug|x86.Build.0 = Debug|x86
		{9568C413-05B2-4672-AD7B-E4101537AB26}.Release|Any CPU.ActiveCfg = Release|Any CPU
		{9568C413-05B2-4672-AD7B-E4101537AB26}.Release|Any CPU.Build.0 = Release|Any CPU
		{9568C413-05B2-4672-AD7B-E4101537AB26}.Release|x64.ActiveCfg = Release|x64
		{9568C413-05B2-4672-AD7B-E4101537AB26}.Release|x64.Build.0 = Release|x64
		{9568C413-05B2-4672-AD7B-E4101537AB26}.Release|x86.ActiveCfg = Release|x86
		{9568C413-05B2-4672-AD7B-E4101537AB26}.Release|x86.Build.0 = Release|x86
		{7D65EE5A-23F0-4F08-9DC6-7DF0E23D3926}.Debug|Any CPU.ActiveCfg = Debug|Any CPU
		{7D65EE5A-23F0-4F08-9DC6-7DF0E23D3926}.Debug|Any CPU.Build.0 = Debug|Any CPU
		{7D65EE5A-23F0-4F08-9DC6-7DF0E23D3926}.Debug|x64.ActiveCfg = Debug|Any CPU
		{7D65EE5A-23F0-4F08-9DC6-7DF0E23D3926}.Debug|x64.Build.0 = Debug|Any CPU
		{7D65EE5A-23F0-4F08-9DC6-7DF0E23D3926}.Debug|x86.ActiveCfg = Debug|Any CPU
		{7D65EE5A-23F0-4F08-9DC6-7DF0E23D3926}.Debug|x86.Build.0 = Debug|Any CPU
		{7D65EE5A-23F0-4F08-9DC6-7DF0E23D3926}.Release|Any CPU.ActiveCfg = Release|Any CPU
		{7D65EE5A-23F0-4F08-9DC6-7DF0E23D3926}.Release|Any CPU.Build.0 = Release|Any CPU
		{7D65EE5A-23F0-4F08-9DC6-7DF0E23D3926}.Release|x64.ActiveCfg = Release|Any CPU
		{7D65EE5A-23F0-4F08-9DC6-7DF0E23D3926}.Release|x64.Build.0 = Release|Any CPU
		{7D65EE5A-23F0-4F08-9DC6-7DF0E23D3926}.Release|x86.ActiveCfg = Release|Any CPU
		{7D65EE5A-23F0-4F08-9DC6-7DF0E23D3926}.Release|x86.Build.0 = Release|Any CPU
		{22432D40-9892-40A6-AA0C-CC8C2FA4BB91}.Debug|Any CPU.ActiveCfg = Debug|Any CPU
		{22432D40-9892-40A6-AA0C-CC8C2FA4BB91}.Debug|Any CPU.Build.0 = Debug|Any CPU
		{22432D40-9892-40A6-AA0C-CC8C2FA4BB91}.Debug|x64.ActiveCfg = Debug|Any CPU
		{22432D40-9892-40A6-AA0C-CC8C2FA4BB91}.Debug|x64.Build.0 = Debug|Any CPU
		{22432D40-9892-40A6-AA0C-CC8C2FA4BB91}.Debug|x86.ActiveCfg = Release|Any CPU
		{22432D40-9892-40A6-AA0C-CC8C2FA4BB91}.Debug|x86.Build.0 = Release|Any CPU
		{22432D40-9892-40A6-AA0C-CC8C2FA4BB91}.Release|Any CPU.ActiveCfg = Release|Any CPU
		{22432D40-9892-40A6-AA0C-CC8C2FA4BB91}.Release|Any CPU.Build.0 = Release|Any CPU
		{22432D40-9892-40A6-AA0C-CC8C2FA4BB91}.Release|x64.ActiveCfg = Release|Any CPU
		{22432D40-9892-40A6-AA0C-CC8C2FA4BB91}.Release|x64.Build.0 = Release|Any CPU
		{22432D40-9892-40A6-AA0C-CC8C2FA4BB91}.Release|x86.ActiveCfg = Release|Any CPU
		{22432D40-9892-40A6-AA0C-CC8C2FA4BB91}.Release|x86.Build.0 = Release|Any CPU
		{83CCFC7F-D667-4550-B335-B48C2F67A207}.Debug|Any CPU.ActiveCfg = Debug|Any CPU
		{83CCFC7F-D667-4550-B335-B48C2F67A207}.Debug|Any CPU.Build.0 = Debug|Any CPU
		{83CCFC7F-D667-4550-B335-B48C2F67A207}.Debug|x64.ActiveCfg = Debug|Any CPU
		{83CCFC7F-D667-4550-B335-B48C2F67A207}.Debug|x64.Build.0 = Debug|Any CPU
		{83CCFC7F-D667-4550-B335-B48C2F67A207}.Debug|x86.ActiveCfg = Debug|Any CPU
		{83CCFC7F-D667-4550-B335-B48C2F67A207}.Debug|x86.Build.0 = Debug|Any CPU
		{83CCFC7F-D667-4550-B335-B48C2F67A207}.Release|Any CPU.ActiveCfg = Release|Any CPU
		{83CCFC7F-D667-4550-B335-B48C2F67A207}.Release|Any CPU.Build.0 = Release|Any CPU
		{83CCFC7F-D667-4550-B335-B48C2F67A207}.Release|x64.ActiveCfg = Release|Any CPU
		{83CCFC7F-D667-4550-B335-B48C2F67A207}.Release|x64.Build.0 = Release|Any CPU
		{83CCFC7F-D667-4550-B335-B48C2F67A207}.Release|x86.ActiveCfg = Release|Any CPU
		{83CCFC7F-D667-4550-B335-B48C2F67A207}.Release|x86.Build.0 = Release|Any CPU
		{F882E97D-A121-41F6-916F-8FA956F84BCC}.Debug|Any CPU.ActiveCfg = Debug|Any CPU
		{F882E97D-A121-41F6-916F-8FA956F84BCC}.Debug|Any CPU.Build.0 = Debug|Any CPU
		{F882E97D-A121-41F6-916F-8FA956F84BCC}.Debug|x64.ActiveCfg = Debug|Any CPU
		{F882E97D-A121-41F6-916F-8FA956F84BCC}.Debug|x64.Build.0 = Debug|Any CPU
		{F882E97D-A121-41F6-916F-8FA956F84BCC}.Debug|x86.ActiveCfg = Debug|Any CPU
		{F882E97D-A121-41F6-916F-8FA956F84BCC}.Debug|x86.Build.0 = Debug|Any CPU
		{F882E97D-A121-41F6-916F-8FA956F84BCC}.Release|Any CPU.ActiveCfg = Release|Any CPU
		{F882E97D-A121-41F6-916F-8FA956F84BCC}.Release|Any CPU.Build.0 = Release|Any CPU
		{F882E97D-A121-41F6-916F-8FA956F84BCC}.Release|x64.ActiveCfg = Release|Any CPU
		{F882E97D-A121-41F6-916F-8FA956F84BCC}.Release|x64.Build.0 = Release|Any CPU
		{F882E97D-A121-41F6-916F-8FA956F84BCC}.Release|x86.ActiveCfg = Release|Any CPU
		{F882E97D-A121-41F6-916F-8FA956F84BCC}.Release|x86.Build.0 = Release|Any CPU
		{4097B6D6-D317-4169-9219-43E1AC4DC1F7}.Debug|Any CPU.ActiveCfg = Debug|Any CPU
		{4097B6D6-D317-4169-9219-43E1AC4DC1F7}.Debug|Any CPU.Build.0 = Debug|Any CPU
		{4097B6D6-D317-4169-9219-43E1AC4DC1F7}.Debug|x64.ActiveCfg = Debug|Any CPU
		{4097B6D6-D317-4169-9219-43E1AC4DC1F7}.Debug|x64.Build.0 = Debug|Any CPU
		{4097B6D6-D317-4169-9219-43E1AC4DC1F7}.Debug|x86.ActiveCfg = Debug|Any CPU
		{4097B6D6-D317-4169-9219-43E1AC4DC1F7}.Debug|x86.Build.0 = Debug|Any CPU
		{4097B6D6-D317-4169-9219-43E1AC4DC1F7}.Release|Any CPU.ActiveCfg = Release|Any CPU
		{4097B6D6-D317-4169-9219-43E1AC4DC1F7}.Release|Any CPU.Build.0 = Release|Any CPU
		{4097B6D6-D317-4169-9219-43E1AC4DC1F7}.Release|x64.ActiveCfg = Release|Any CPU
		{4097B6D6-D317-4169-9219-43E1AC4DC1F7}.Release|x64.Build.0 = Release|Any CPU
		{4097B6D6-D317-4169-9219-43E1AC4DC1F7}.Release|x86.ActiveCfg = Release|Any CPU
		{4097B6D6-D317-4169-9219-43E1AC4DC1F7}.Release|x86.Build.0 = Release|Any CPU
		{BAF1842E-F8C5-47A5-94C6-ADABA8A4B3AF}.Debug|Any CPU.ActiveCfg = Debug|Any CPU
		{BAF1842E-F8C5-47A5-94C6-ADABA8A4B3AF}.Debug|Any CPU.Build.0 = Debug|Any CPU
		{BAF1842E-F8C5-47A5-94C6-ADABA8A4B3AF}.Debug|x64.ActiveCfg = Debug|Any CPU
		{BAF1842E-F8C5-47A5-94C6-ADABA8A4B3AF}.Debug|x64.Build.0 = Debug|Any CPU
		{BAF1842E-F8C5-47A5-94C6-ADABA8A4B3AF}.Debug|x86.ActiveCfg = Debug|x86
		{BAF1842E-F8C5-47A5-94C6-ADABA8A4B3AF}.Debug|x86.Build.0 = Debug|x86
		{BAF1842E-F8C5-47A5-94C6-ADABA8A4B3AF}.Release|Any CPU.ActiveCfg = Release|Any CPU
		{BAF1842E-F8C5-47A5-94C6-ADABA8A4B3AF}.Release|Any CPU.Build.0 = Release|Any CPU
		{BAF1842E-F8C5-47A5-94C6-ADABA8A4B3AF}.Release|x64.ActiveCfg = Release|Any CPU
		{BAF1842E-F8C5-47A5-94C6-ADABA8A4B3AF}.Release|x64.Build.0 = Release|Any CPU
		{BAF1842E-F8C5-47A5-94C6-ADABA8A4B3AF}.Release|x86.ActiveCfg = Release|x86
		{BAF1842E-F8C5-47A5-94C6-ADABA8A4B3AF}.Release|x86.Build.0 = Release|x86
	EndGlobalSection
	GlobalSection(SolutionProperties) = preSolution
		HideSolutionNode = FALSE
	EndGlobalSection
	GlobalSection(TestCaseManagementSettings) = postSolution
		CategoryFile = FScruiserV2.vsmdi
	EndGlobalSection
EndGlobal
